
Microsoft Visual Studio Solution File, Format Version 12.00
Project("{FAE04EC0-301F-11D3-BF4B-00C04F79EFBC}") = "PathogenSim", "PathogenSim\PathogenSim.csproj", "{ED61F5C5-6671-4573-BB14-674B13CB4755}"
EndProject
Global
	GlobalSection(SolutionConfigurationPlatforms) = preSolution
		Debug|Any CPU = Debug|Any CPU
		Release|Any CPU = Release|Any CPU
	EndGlobalSection
	GlobalSection(ProjectConfigurationPlatforms) = postSolution
		{ED61F5C5-6671-4573-BB14-674B13CB4755}.Debug|Any CPU.ActiveCfg = Debug|Any CPU
		{ED61F5C5-6671-4573-BB14-674B13CB4755}.Debug|Any CPU.Build.0 = Debug|Any CPU
		{ED61F5C5-6671-4573-BB14-674B13CB4755}.Release|Any CPU.ActiveCfg = Release|Any CPU
		{ED61F5C5-6671-4573-BB14-674B13CB4755}.Release|Any CPU.Build.0 = Release|Any CPU
	EndGlobalSection
EndGlobal
